github.com/google/go-cmp v0.7.0 h1:wk8382ETsv4JYUZwIsn6YpYiWiBsYLSJiTsyBybVuN8=
github.com/google/go-cmp v0.7.0/go.mod h1:pXiqmnSA92OHEEa9HXL2W4E7lf9JzCmGVUdgjX3N/iU=
github.com/tmc/modelir v0.1.2-0.20260517090425-24c01509645e h1:YNhOIrH4NoERHiq2Vc+9PCP7HGXt4QM8z0SaiIsOAcg=
github.com/tmc/modelir v0.1.2-0.20260517090425-24c01509645e/go.mod h1:vqTK5bCw/e1vPpNLAaOMVdAfVCUCc0vDNJKAK/qFG2k=
github.com/tmc/purego v0.10.0-alpha.2.0.20260207193206-ff6e796b10b1 h1:s5uQT3XLN2PT7onDsYevju2KWb+J7JTg7oj7VajadYE=
github.com/tmc/purego v0.10.0-alpha.2.0.20260207193206-ff6e796b10b1/go.mod h1:iIjxzd6CiRiOG0UyXP+V1+jWqUXVjPKLAI0mRfJZTmQ=
golang.org/x/image v0.36.0 h1:Iknbfm1afbgtwPTmHnS2gTM/6PPZfH+z2EFuOkSbqwc=
golang.org/x/image v0.36.0/go.mod h1:YsWD2TyyGKiIX1kZlu9QfKIsQ4nAAK9bdgdrIsE7xy4=
rsc.io/omap v1.2.0 h1:c1M8jchnHbzmJALzGLclfH3xDWXrPxSUHXzH5C+8Kdw=
rsc.io/omap v1.2.0/go.mod h1:C8pkI0AWexHopQtZX+qiUeJGzvc8HkdgnsWK4/mAa00=
